// !$*UTF8*$!
{
	archiveVersion = 1;
	classes = {
	};
	objectVersion = 56;
	objects = {

/* Begin PBXBuildFile section */
		7854AF6129D2F003004D9DB6 /* AppDelegate.swift in Sources */ = {isa = PBXBuildFile; fileRef = 7854AF6029D2F003004D9DB6 /* AppDelegate.swift */; };
		7854AF6329D2F003004D9DB6 /* SceneDelegate.swift in Sources */ = {isa = PBXBuildFile; fileRef = 7854AF6229D2F003004D9DB6 /* SceneDelegate.swift */; };
		7854AF6529D2F003004D9DB6 /* ViewController.swift in Sources */ = {isa = PBXBuildFile; fileRef = 7854AF6429D2F003004D9DB6 /* ViewController.swift */; };
		7854AF6A29D2F004004D9DB6 /* Assets.xcassets in Resources */ = {isa = PBXBuildFile; fileRef = 7854AF6929D2F004004D9DB6 /* Assets.xcassets */; };
		7854AF6D29D2F004004D9DB6 /* LaunchScreen.storyboard in Resources */ = {isa = PBXBuildFile; fileRef = 7854AF6B29D2F004004D9DB6 /* LaunchScreen.storyboard */; };
		7854AF7529D2F064004D9DB6 /* Coordinator.swift in Sources */ = {isa = PBXBuildFile; fileRef = 7854AF7429D2F064004D9DB6 /* Coordinator.swift */; };
		7854AF7729D2F06F004D9DB6 /* MainCoordinator.swift in Sources */ = {isa = PBXBuildFile; fileRef = 7854AF7629D2F06F004D9DB6 /* MainCoordinator.swift */; };
		7854AF7B29D2F4D0004D9DB6 /* NetworkManager.swift in Sources */ = {isa = PBXBuildFile; fileRef = 7854AF7A29D2F4D0004D9DB6 /* NetworkManager.swift */; };
		7854AF7D29D2F4D7004D9DB6 /* MusicModel.swift in Sources */ = {isa = PBXBuildFile; fileRef = 7854AF7C29D2F4D7004D9DB6 /* MusicModel.swift */; };
		7854AF8129D2F800004D9DB6 /* ViewExtension.swift in Sources */ = {isa = PBXBuildFile; fileRef = 7854AF8029D2F800004D9DB6 /* ViewExtension.swift */; };
		7854AF8329D2F994004D9DB6 /* MusicCell.swift in Sources */ = {isa = PBXBuildFile; fileRef = 7854AF8229D2F994004D9DB6 /* MusicCell.swift */; };
		78F4652F29D33C0000E6F55F /* MusicInfoViewController.swift in Sources */ = {isa = PBXBuildFile; fileRef = 78F4652D29D33BFF00E6F55F /* MusicInfoViewController.swift */; };
		78F4653029D33C0000E6F55F /* MusicInfoViewController.xib in Resources */ = {isa = PBXBuildFile; fileRef = 78F4652E29D33C0000E6F55F /* MusicInfoViewController.xib */; };
/* End PBXBuildFile section */

/* Begin PBXFileReference section */
		7854AF5D29D2F003004D9DB6 /* Music App.app */ = {isa = PBXFileReference; explicitFileType = wrapper.application; includeInIndex = 0; path = "Music App.app"; sourceTree = BUILT_PRODUCTS_DIR; };
		7854AF6029D2F003004D9DB6 /* AppDelegate.swift */ = {isa = PBXFileReference; lastKnownFileType = sourcecode.swift; path = AppDelegate.swift; sourceTree = "<group>"; };
		7854AF6229D2F003004D9DB6 /* SceneDelegate.swift */ = {isa = PBXFileReference; lastKnownFileType = sourcecode.swift; path = SceneDelegate.swift; sourceTree = "<group>"; };
		7854AF6429D2F003004D9DB6 /* ViewController.swift */ = {isa = PBXFileReference; lastKnownFileType = sourcecode.swift; path = ViewController.swift; sourceTree = "<group>"; };
		7854AF6929D2F004004D9DB6 /* Assets.xcassets */ = {isa = PBXFileReference; lastKnownFileType = folder.assetcatalog; path = Assets.xcassets; sourceTree = "<group>"; };
		7854AF6C29D2F004004D9DB6 /* Base */ = {isa = PBXFileReference; lastKnownFileType = file.storyboard; name = Base; path = Base.lproj/LaunchScreen.storyboard; sourceTree = "<group>"; };
		7854AF6E29D2F004004D9DB6 /* Info.plist */ = {isa = PBXFileReference; lastKnownFileType = text.plist.xml; path = Info.plist; sourceTree = "<group>"; };
		7854AF7429D2F064004D9DB6 /* Coordinator.swift */ = {isa = PBXFileReference; lastKnownFileType = sourcecode.swift; path = Coordinator.swift; sourceTree = "<group>"; };
		7854AF7629D2F06F004D9DB6 /* MainCoordinator.swift */ = {isa = PBXFileReference; lastKnownFileType = sourcecode.swift; path = MainCoordinator.swift; sourceTree = "<group>"; };
		7854AF7A29D2F4D0004D9DB6 /* NetworkManager.swift */ = {isa = PBXFileReference; lastKnownFileType = sourcecode.swift; path = NetworkManager.swift; sourceTree = "<group>"; };
		7854AF7C29D2F4D7004D9DB6 /* MusicModel.swift */ = {isa = PBXFileReference; lastKnownFileType = sourcecode.swift; path = MusicModel.swift; sourceTree = "<group>"; };
		7854AF8029D2F800004D9DB6 /* ViewExtension.swift */ = {isa = PBXFileReference; lastKnownFileType = sourcecode.swift; path = ViewExtension.swift; sourceTree = "<group>"; };
		7854AF8229D2F994004D9DB6 /* MusicCell.swift */ = {isa = PBXFileReference; lastKnownFileType = sourcecode.swift; path = MusicCell.swift; sourceTree = "<group>"; };
		78F4652D29D33BFF00E6F55F /* MusicInfoViewController.swift */ = {isa = PBXFileReference; lastKnownFileType = sourcecode.swift; path = MusicInfoViewController.swift; sourceTree = "<group>"; };
		78F4652E29D33C0000E6F55F /* MusicInfoViewController.xib */ = {isa = PBXFileReference; lastKnownFileType = file.xib; path = MusicInfoViewController.xib; sourceTree = "<group>"; };
/* End PBXFileReference section */

/* Begin PBXFrameworksBuildPhase section */
		7854AF5A29D2F003004D9DB6 /* Frameworks */ = {
			isa = PBXFrameworksBuildPhase;
			buildActionMask = 2147483647;
			files = (
			);
			runOnlyForDeploymentPostprocessing = 0;
		};
/* End PBXFrameworksBuildPhase section */

/* Begin PBXGroup section */
		7854AF5429D2F003004D9DB6 = {
			isa = PBXGroup;
			children = (
				7854AF5F29D2F003004D9DB6 /* Music App */,
				7854AF5E29D2F003004D9DB6 /* Products */,
			);
			sourceTree = "<group>";
		};
		7854AF5E29D2F003004D9DB6 /* Products */ = {
			isa = PBXGroup;
			children = (
				7854AF5D29D2F003004D9DB6 /* Music App.app */,
			);
			name = Products;
			sourceTree = "<group>";
		};
		7854AF5F29D2F003004D9DB6 /* Music App */ = {
			isa = PBXGroup;
			children = (
				7854AF6029D2F003004D9DB6 /* AppDelegate.swift */,
				7854AF6229D2F003004D9DB6 /* SceneDelegate.swift */,
				7854AF8029D2F800004D9DB6 /* ViewExtension.swift */,
				7854AF6429D2F003004D9DB6 /* ViewController.swift */,
				78F4652D29D33BFF00E6F55F /* MusicInfoViewController.swift */,
				78F4652E29D33C0000E6F55F /* MusicInfoViewController.xib */,
				7854AF8229D2F994004D9DB6 /* MusicCell.swift */,
				7854AF7A29D2F4D0004D9DB6 /* NetworkManager.swift */,
				7854AF7C29D2F4D7004D9DB6 /* MusicModel.swift */,
				7854AF7429D2F064004D9DB6 /* Coordinator.swift */,
				7854AF7629D2F06F004D9DB6 /* MainCoordinator.swift */,
				7854AF6929D2F004004D9DB6 /* Assets.xcassets */,
				7854AF6B29D2F004004D9DB6 /* LaunchScreen.storyboard */,
				7854AF6E29D2F004004D9DB6 /* Info.plist */,
			);
			path = "Music App";
			sourceTree = "<group>";
		};
/* End PBXGroup section */

/* Begin PBXNativeTarget section */
		7854AF5C29D2F003004D9DB6 /* Music App */ = {
			isa = PBXNativeTarget;
			buildConfigurationList = 7854AF7129D2F004004D9DB6 /* Build configuration list for PBXNativeTarget "Music App" */;
			buildPhases = (
				7854AF5929D2F003004D9DB6 /* Sources */,
				7854AF5A29D2F003004D9DB6 /* Frameworks */,
				7854AF5B29D2F003004D9DB6 /* Resources */,
			);
			buildRules = (
			);
			dependencies = (
			);
			name = "Music App";
			productName = "Music App";
			productReference = 7854AF5D29D2F003004D9DB6 /* Music App.app */;
			productType = "com.apple.product-type.application";
		};
/* End PBXNativeTarget section */

/* Begin PBXProject section */
		7854AF5529D2F003004D9DB6 /* Project object */ = {
			isa = PBXProject;
			attributes = {
				BuildIndependentTargetsInParallel = 1;
				LastSwiftUpdateCheck = 1400;
				LastUpgradeCheck = 1400;
				TargetAttributes = {
					7854AF5C29D2F003004D9DB6 = {
						CreatedOnToolsVersion = 14.0.1;
					};
				};
			};
			buildConfigurationList = 7854AF5829D2F003004D9DB6 /* Build configuration list for PBXProject "Music App" */;
			compatibilityVersion = "Xcode 14.0";
			developmentRegion = en;
			hasScannedForEncodings = 0;
			knownRegions = (
				en,
				Base,
			);
			mainGroup = 7854AF5429D2F003004D9DB6;
			productRefGroup = 7854AF5E29D2F003004D9DB6 /* Products */;
			projectDirPath = "";
			projectRoot = "";
			targets = (
				7854AF5C29D2F003004D9DB6 /* Music App */,
			);
		};
/* End PBXProject section */

/* Begin PBXResourcesBuildPhase section */
		7854AF5B29D2F003004D9DB6 /* Resources */ = {
			isa = PBXResourcesBuildPhase;
			buildActionMask = 2147483647;
			files = (
				7854AF6D29D2F004004D9DB6 /* LaunchScreen.storyboard in Resources */,
				78F4653029D33C0000E6F55F /* MusicInfoViewController.xib in Resources */,
				7854AF6A29D2F004004D9DB6 /* Assets.xcassets in Resources */,
			);
			runOnlyForDeploymentPostprocessing = 0;
		};
/* End PBXResourcesBuildPhase section */

/* Begin PBXSourcesBuildPhase section */
		7854AF5929D2F003004D9DB6 /* Sources */ = {
			isa = PBXSourcesBuildPhase;
			buildActionMask = 2147483647;
			files = (
				7854AF8129D2F800004D9DB6 /* ViewExtension.swift in Sources */,
				7854AF7529D2F064004D9DB6 /* Coordinator.swift in Sources */,
				7854AF6529D2F003004D9DB6 /* ViewController.swift in Sources */,
				78F4652F29D33C0000E6F55F /* MusicInfoViewController.swift in Sources */,
				7854AF6129D2F003004D9DB6 /* AppDelegate.swift in Sources */,
				7854AF7B29D2F4D0004D9DB6 /* NetworkManager.swift in Sources */,
				7854AF8329D2F994004D9DB6 /* MusicCell.swift in Sources */,
				7854AF7729D2F06F004D9DB6 /* MainCoordinator.swift in Sources */,
				7854AF7D29D2F4D7004D9DB6 /* MusicModel.swift in Sources */,
				7854AF6329D2F003004D9DB6 /* SceneDelegate.swift in Sources */,
			);
			runOnlyForDeploymentPostprocessing = 0;
		};
/* End PBXSourcesBuildPhase section */

/* Begin PBXVariantGroup section */
		7854AF6B29D2F004004D9DB6 /* LaunchScreen.storyboard */ = {
			isa = PBXVariantGroup;
			children = (
				7854AF6C29D2F004004D9DB6 /* Base */,
			);
			name = LaunchScreen.storyboard;
			sourceTree = "<group>";
		};
/* End PBXVariantGroup section */

/* Begin XCBuildConfiguration section */
		7854AF6F29D2F004004D9DB6 /* Debug */ = {
			isa = XCBuildConfiguration;
			buildSettings = {
				ALWAYS_SEARCH_USER_PATHS = NO;
				CLANG_ANALYZER_NONNULL = YES;
				CLANG_ANALYZER_NUMBER_OBJECT_CONVERSION = YES_AGGRESSIVE;
				CLANG_CXX_LANGUAGE_STANDARD = "gnu++20";
				CLANG_ENABLE_MODULES = YES;
				CLANG_ENABLE_OBJC_ARC = YES;
				CLANG_ENABLE_OBJC_WEAK = YES;
				CLANG_WARN_BLOCK_CAPTURE_AUTORELEASING = YES;
				CLANG_WARN_BOOL_CONVERSION = YES;
				CLANG_WARN_COMMA = YES;
				CLANG_WARN_CONSTANT_CONVERSION = YES;
				CLANG_WARN_DEPRECATED_OBJC_IMPLEMENTATIONS = YES;
				CLANG_WARN_DIRECT_OBJC_ISA_USAGE = YES_ERROR;
				CLANG_WARN_DOCUMENTATION_COMMENTS = YES;
				CLANG_WARN_EMPTY_BODY = YES;
				CLANG_WARN_ENUM_CONVERSION = YES;
				CLANG_WARN_INFINITE_RECURSION = YES;
				CLANG_WARN_INT_CONVERSION = YES;
				CLANG_WARN_NON_LITERAL_NULL_CONVERSION = YES;
				CLANG_WARN_OBJC_IMPLICIT_RETAIN_SELF = YES;
				CLANG_WARN_OBJC_LITERAL_CONVERSION = YES;
				CLANG_WARN_OBJC_ROOT_CLASS = YES_ERROR;
				CLANG_WARN_QUOTED_INCLUDE_IN_FRAMEWORK_HEADER = YES;
				CLANG_WARN_RANGE_LOOP_ANALYSIS = YES;
				CLANG_WARN_STRICT_PROTOTYPES = YES;
				CLANG_WARN_SUSPICIOUS_MOVE = YES;
				CLANG_WARN_UNGUARDED_AVAILABILITY = YES_AGGRESSIVE;
				CLANG_WARN_UNREACHABLE_CODE = YES;
				CLANG_WARN__DUPLICATE_METHOD_MATCH = YES;
				COPY_PHASE_STRIP = NO;
				DEBUG_INFORMATION_FORMAT = dwarf;
				ENABLE_STRICT_OBJC_MSGSEND = YES;
				ENABLE_TESTABILITY = YES;
				GCC_C_LANGUAGE_STANDARD = gnu11;
				GCC_DYNAMIC_NO_PIC = NO;
				GCC_NO_COMMON_BLOCKS = YES;
				GCC_OPTIMIZATION_LEVEL = 0;
				GCC_PREPROCESSOR_DEFINITIONS = (
					"DEBUG=1",
					"$(inherited)",
				);
				GCC_WARN_64_TO_32_BIT_CONVERSION = YES;
				GCC_WARN_ABOUT_RETURN_TYPE = YES_ERROR;
				GCC_WARN_UNDECLARED_SELECTOR = YES;
				GCC_WARN_UNINITIALIZED_AUTOS = YES_AGGRESSIVE;
				GCC_WARN_UNUSED_FUNCTION = YES;
				GCC_WARN_UNUSED_VARIABLE = YES;
				IPHONEOS_DEPLOYMENT_TARGET = 16.0;
				MTL_ENABLE_DEBUG_INFO = INCLUDE_SOURCE;
				MTL_FAST_MATH = YES;
				ONLY_ACTIVE_ARCH = YES;
				SDKROOT = iphoneos;
				SWIFT_ACTIVE_COMPILATION_CONDITIONS = DEBUG;
				SWIFT_OPTIMIZATION_LEVEL = "-Onone";
			};
			name = Debug;
		};
		7854AF7029D2F004004D9DB6 /* Release */ = {
			isa = XCBuildConfiguration;
			buildSettings = {
				ALWAYS_SEARCH_USER_PATHS = NO;
				CLANG_ANALYZER_NONNULL = YES;
				CLANG_ANALYZER_NUMBER_OBJECT_CONVERSION = YES_AGGRESSIVE;
				CLANG_CXX_LANGUAGE_STANDARD = "gnu++20";
				CLANG_ENABLE_MODULES = YES;
				CLANG_ENABLE_OBJC_ARC = YES;
				CLANG_ENABLE_OBJC_WEAK = YES;
				CLANG_WARN_BLOCK_CAPTURE_AUTORELEASING = YES;
				CLANG_WARN_BOOL_CONVERSION = YES;
				CLANG_WARN_COMMA = YES;
				CLANG_WARN_CONSTANT_CONVERSION = YES;
				CLANG_WARN_DEPRECATED_OBJC_IMPLEMENTATIONS = YES;
				CLANG_WARN_DIRECT_OBJC_ISA_USAGE = YES_ERROR;
				CLANG_WARN_DOCUMENTATION_COMMENTS = YES;
				CLANG_WARN_EMPTY_BODY = YES;
				CLANG_WARN_ENUM_CONVERSION = YES;
				CLANG_WARN_INFINITE_RECURSION = YES;
				CLANG_WARN_INT_CONVERSION = YES;
				CLANG_WARN_NON_LITERAL_NULL_CONVERSION = YES;
				CLANG_WARN_OBJC_IMPLICIT_RETAIN_SELF = YES;
				CLANG_WARN_OBJC_LITERAL_CONVERSION = YES;
				CLANG_WARN_OBJC_ROOT_CLASS = YES_ERROR;
				CLANG_WARN_QUOTED_INCLUDE_IN_FRAMEWORK_HEADER = YES;
				CLANG_WARN_RANGE_LOOP_ANALYSIS = YES;
				CLANG_WARN_STRICT_PROTOTYPES = YES;
				CLANG_WARN_SUSPICIOUS_MOVE = YES;
				CLANG_WARN_UNGUARDED_AVAILABILITY = YES_AGGRESSIVE;
				CLANG_WARN_UNREACHABLE_CODE = YES;
				CLANG_WARN__DUPLICATE_METHOD_MATCH = YES;
				COPY_PHASE_STRIP = NO;
				DEBUG_INFORMATION_FORMAT = "dwarf-with-dsym";
				ENABLE_NS_ASSERTIONS = NO;
				ENABLE_STRICT_OBJC_MSGSEND = YES;
				GCC_C_LANGUAGE_STANDARD = gnu11;
				GCC_NO_COMMON_BLOCKS = YES;
				GCC_WARN_64_TO_32_BIT_CONVERSION = YES;
				GCC_WARN_ABOUT_RETURN_TYPE = YES_ERROR;
				GCC_WARN_UNDECLARED_SELECTOR = YES;
				GCC_WARN_UNINITIALIZED_AUTOS = YES_AGGRESSIVE;
				GCC_WARN_UNUSED_FUNCTION = YES;
				GCC_WARN_UNUSED_VARIABLE = YES;
				IPHONEOS_DEPLOYMENT_TARGET = 16.0;
				MTL_ENABLE_DEBUG_INFO = NO;
				MTL_FAST_MATH = YES;
				SDKROOT = iphoneos;
				SWIFT_COMPILATION_MODE = wholemodule;
				SWIFT_OPTIMIZATION_LEVEL = "-O";
				VALIDATE_PRODUCT = YES;
			};
			name = Release;
		};
		7854AF7229D2F004004D9DB6 /* Debug */ = {
			isa = XCBuildConfiguration;
			buildSettings = {
				ASSETCATALOG_COMPILER_APPICON_NAME = AppIcon;
				ASSETCATALOG_COMPILER_GLOBAL_ACCENT_COLOR_NAME = AccentColor;
				CODE_SIGN_STYLE = Automatic;
				CURRENT_PROJECT_VERSION = 1;
				DEVELOPMENT_TEAM = 29F8588F92;
				GENERATE_INFOPLIST_FILE = YES;
				INFOPLIST_FILE = "Music App/Info.plist";
				INFOPLIST_KEY_UIApplicationSupportsIndirectInputEvents = YES;
				INFOPLIST_KEY_UILaunchStoryboardName = LaunchScreen;
				INFOPLIST_KEY_UISupportedInterfaceOrientations_iPad = "UIInterfaceOrientationPortrait UIInterfaceOrientationPortraitUpsideDown UIInterfaceOrientationLandscapeLeft UIInterfaceOrientationLandscapeRight";
				INFOPLIST_KEY_UISupportedInterfaceOrientations_iPhone = "UIInterfaceOrientationPortrait UIInterfaceOrientationLandscapeLeft UIInterfaceOrientationLandscapeRight";
				LD_RUNPATH_SEARCH_PATHS = (
					"$(inherited)",
					"@executable_path/Frameworks",
				);
				MARKETING_VERSION = 1.0;
				PRODUCT_BUNDLE_IDENTIFIER = "com.Darkhan.Music-App";
				PRODUCT_NAME = "$(TARGET_NAME)";
				SWIFT_EMIT_LOC_STRINGS = YES;
				SWIFT_VERSION = 5.0;
				TARGETED_DEVICE_FAMILY = "1,2";
			};
			name = Debug;
		};
		7854AF7329D2F004004D9DB6 /* Release */ = {
			isa = XCBuildConfiguration;
			buildSettings = {
				ASSETCATALOG_COMPILER_APPICON_NAME = AppIcon;
				ASSETCATALOG_COMPILER_GLOBAL_ACCENT_COLOR_NAME = AccentColor;
				CODE_SIGN_STYLE = Automatic;
				CURRENT_PROJECT_VERSION = 1;
				DEVELOPMENT_TEAM = 29F8588F92;
				GENERATE_INFOPLIST_FILE = YES;
				INFOPLIST_FILE = "Music App/Info.plist";
				INFOPLIST_KEY_UIApplicationSupportsIndirectInputEvents = YES;
				INFOPLIST_KEY_UILaunchStoryboardName = LaunchScreen;
				INFOPLIST_KEY_UISupportedInterfaceOrientations_iPad = "UIInterfaceOrientationPortrait UIInterfaceOrientationPortraitUpsideDown UIInterfaceOrientationLandscapeLeft UIInterfaceOrientationLandscapeRight";
				INFOPLIST_KEY_UISupportedInterfaceOrientations_iPhone = "UIInterfaceOrientationPortrait UIInterfaceOrientationLandscapeLeft UIInterfaceOrientationLandscapeRight";
				LD_RUNPATH_SEARCH_PATHS = (
					"$(inherited)",
					"@executable_path/Frameworks",
				);
				MARKETING_VERSION = 1.0;
				PRODUCT_BUNDLE_IDENTIFIER = "com.Darkhan.Music-App";
				PRODUCT_NAME = "$(TARGET_NAME)";
				SWIFT_EMIT_LOC_STRINGS = YES;
				SWIFT_VERSION = 5.0;
				TARGETED_DEVICE_FAMILY = "1,2";
			};
			name = Release;
		};
/* End XCBuildConfiguration section */

/* Begin XCConfigurationList section */
		7854AF5829D2F003004D9DB6 /* Build configuration list for PBXProject "Music App" */ = {
			isa = XCConfigurationList;
			buildConfigurations = (
				7854AF6F29D2F004004D9DB6 /* Debug */,
				7854AF7029D2F004004D9DB6 /* Release */,
			);
			defaultConfigurationIsVisible = 0;
			defaultConfigurationName = Release;
		};
		7854AF7129D2F004004D9DB6 /* Build configuration list for PBXNativeTarget "Music App" */ = {
			isa = XCConfigurationList;
			buildConfigurations = (
				7854AF7229D2F004004D9DB6 /* Debug */,
				7854AF7329D2F004004D9DB6 /* Release */,
			);
			defaultConfigurationIsVisible = 0;
			defaultConfigurationName = Release;
		};
/* End XCConfigurationList section */
	};
	rootObject = 7854AF5529D2F003004D9DB6 /* Project object */;
}
